
Microsoft Visual Studio Solution File, Format Version 12.00
# Visual Studio 15
VisualStudioVersion = 15.0.27428.2015
MinimumVisualStudioVersion = 10.0.40219.1
Project("{FAE04EC0-301F-11D3-BF4B-00C04F79EFBC}") = "LoadingTextChanger", "LoadingTextChanger\LoadingTextChanger.csproj", "{390FF067-A44D-44F4-887B-9C1F590DBCDE}"
EndProject
Global
	GlobalSection(SolutionConfigurationPlatforms) = preSolution
		Debug|Any CPU = Debug|Any CPU
		Release|Any CPU = Release|Any CPU
	EndGlobalSection
	GlobalSection(ProjectConfigurationPlatforms) = postSolution
		{390FF067-A44D-44F4-887B-9C1F590DBCDE}.Debug|Any CPU.ActiveCfg = Debug|Any CPU
		{390FF067-A44D-44F4-887B-9C1F590DBCDE}.Debug|Any CPU.Build.0 = Debug|Any CPU
		{390FF067-A44D-44F4-887B-9C1F590DBCDE}.Release|Any CPU.ActiveCfg = Release|Any CPU
		{390FF067-A44D-44F4-887B-9C1F590DBCDE}.Release|Any CPU.Build.0 = Release|Any CPU
	EndGlobalSection
	GlobalSection(SolutionProperties) = preSolution
		HideSolutionNode = FALSE
	EndGlobalSection
	GlobalSection(ExtensibilityGlobals) = postSolution
		SolutionGuid = {4FDB42EF-560D-43AC-AF3F-A4C0321A65CF}
	EndGlobalSection
EndGlobal
